Microsoft Visual Studio Solution File, Format Version 12.00
# Visual Studio 2012
Project("{FAE04EC0-301F-11D3-BF4B-00C04F79EFBC}") = "DenysIntro", "DenysIntro.csproj", "{052F46DB-7836-4955-B609-7DE6C8DCFD66}"
EndProject
Global
	GlobalSection(SolutionConfigurationPlatforms) = preSolution
	Debug|Any CPU = Debug|Any CPU
	ExportDebug|Any CPU = ExportDebug|Any CPU
	ExportRelease|Any CPU = ExportRelease|Any CPU
	EndGlobalSection
	GlobalSection(ProjectConfigurationPlatforms) = postSolution
		{052F46DB-7836-4955-B609-7DE6C8DCFD66}.Debug|Any CPU.ActiveCfg = Debug|Any CPU
		{052F46DB-7836-4955-B609-7DE6C8DCFD66}.Debug|Any CPU.Build.0 = Debug|Any CPU
		{052F46DB-7836-4955-B609-7DE6C8DCFD66}.ExportDebug|Any CPU.ActiveCfg = ExportDebug|Any CPU
		{052F46DB-7836-4955-B609-7DE6C8DCFD66}.ExportDebug|Any CPU.Build.0 = ExportDebug|Any CPU
		{052F46DB-7836-4955-B609-7DE6C8DCFD66}.ExportRelease|Any CPU.ActiveCfg = ExportRelease|Any CPU
		{052F46DB-7836-4955-B609-7DE6C8DCFD66}.ExportRelease|Any CPU.Build.0 = ExportRelease|Any CPU
	EndGlobalSection
EndGlobal
